
Microsoft Visual Studio Solution File, Format Version 12.00
# Visual Studio 15
Project("{FAE04EC0-301F-11D3-BF4B-00C04F79EFBC}") = "Assembly-CSharp", "Assembly-CSharp.csproj", "{17D660C9-7809-09A5-F237-8B521FF0E4A0}"
EndProject
Project("{FAE04EC0-301F-11D3-BF4B-00C04F79EFBC}") = "Assembly-CSharp-Editor", "Assembly-CSharp-Editor.csproj", "{A91B68F3-C6FE-7872-B6E5-1BF52E3AE6FD}"
EndProject
Project("{FAE04EC0-301F-11D3-BF4B-00C04F79EFBC}") = "Assembly-CSharp", "Assembly-CSharp.Player.csproj", "{FC3FFC81-5ECD-6BF9-887A-3B4F90CC267A}"
EndProject
Global
	GlobalSection(SolutionConfigurationPlatforms) = preSolution
		Debug|Any CPU = Debug|Any CPU
		Release|Any CPU = Release|Any CPU
	EndGlobalSection
	GlobalSection(ProjectConfigurationPlatforms) = postSolution
		{17D660C9-7809-09A5-F237-8B521FF0E4A0}.Debug|Any CPU.ActiveCfg = Debug|Any CPU
		{17D660C9-7809-09A5-F237-8B521FF0E4A0}.Debug|Any CPU.Build.0 = Debug|Any CPU
		{17D660C9-7809-09A5-F237-8B521FF0E4A0}.Release|Any CPU.ActiveCfg = Release|Any CPU
		{17D660C9-7809-09A5-F237-8B521FF0E4A0}.Release|Any CPU.Build.0 = Release|Any CPU
		{A91B68F3-C6FE-7872-B6E5-1BF52E3AE6FD}.Debug|Any CPU.ActiveCfg = Debug|Any CPU
		{A91B68F3-C6FE-7872-B6E5-1BF52E3AE6FD}.Debug|Any CPU.Build.0 = Debug|Any CPU
		{A91B68F3-C6FE-7872-B6E5-1BF52E3AE6FD}.Release|Any CPU.ActiveCfg = Release|Any CPU
		{A91B68F3-C6FE-7872-B6E5-1BF52E3AE6FD}.Release|Any CPU.Build.0 = Release|Any CPU
		{FC3FFC81-5ECD-6BF9-887A-3B4F90CC267A}.Debug|Any CPU.ActiveCfg = Debug|Any CPU
		{FC3FFC81-5ECD-6BF9-887A-3B4F90CC267A}.Debug|Any CPU.Build.0 = Debug|Any CPU
		{FC3FFC81-5ECD-6BF9-887A-3B4F90CC267A}.Release|Any CPU.ActiveCfg = Release|Any CPU
		{FC3FFC81-5ECD-6BF9-887A-3B4F90CC267A}.Release|Any CPU.Build.0 = Release|Any CPU
	EndGlobalSection
	GlobalSection(SolutionProperties) = preSolution
		HideSolutionNode = FALSE
	EndGlobalSection
EndGlobal
